// !$*UTF8*$!
{
	archiveVersion = 1;
	classes = {
	};
	objectVersion = 46;
	objects = {

/* Begin PBXBuildFile section */
		1C3062FE1B01FCB8008283D0 /* OLChooseInterestsViewController.m in Sources */ = {isa = PBXBuildFile; fileRef = 1C3062FD1B01FCB8008283D0 /* OLChooseInterestsViewController.m */; };
		1C7694D81B01B7E9001B2038 /* OLBaseNavigationController.m in Sources */ = {isa = PBXBuildFile; fileRef = 1C7694D71B01B7E9001B2038 /* OLBaseNavigationController.m */; };
		1C7694DB1B01B801001B2038 /* OLBaseViewController.m in Sources */ = {isa = PBXBuildFile; fileRef = 1C7694DA1B01B801001B2038 /* OLBaseViewController.m */; };
		1C7694E01B01B95E001B2038 /* UIColor+NLKit.m in Sources */ = {isa = PBXBuildFile; fileRef = 1C7694DF1B01B95E001B2038 /* UIColor+NLKit.m */; };
		1C793E611B00A99600D78803 /* main.m in Sources */ = {isa = PBXBuildFile; fileRef = 1C793E601B00A99600D78803 /* main.m */; };
		1C793E641B00A99600D78803 /* AppDelegate.m in Sources */ = {isa = PBXBuildFile; fileRef = 1C793E631B00A99600D78803 /* AppDelegate.m */; };
		1C793E671B00A99600D78803 /* ViewController.m in Sources */ = {isa = PBXBuildFile; fileRef = 1C793E661B00A99600D78803 /* ViewController.m */; };
		1C793E6A1B00A99600D78803 /* Main.storyboard in Resources */ = {isa = PBXBuildFile; fileRef = 1C793E681B00A99600D78803 /* Main.storyboard */; };
		1C793E6C1B00A99600D78803 /* Images.xcassets in Resources */ = {isa = PBXBuildFile; fileRef = 1C793E6B1B00A99600D78803 /* Images.xcassets */; };
		1C793E6F1B00A99600D78803 /* LaunchScreen.xib in Resources */ = {isa = PBXBuildFile; fileRef = 1C793E6D1B00A99600D78803 /* LaunchScreen.xib */; };
		1C793E7B1B00A99600D78803 /* OwloopTests.m in Sources */ = {isa = PBXBuildFile; fileRef = 1C793E7A1B00A99600D78803 /* OwloopTests.m */; };
		1CB1C46E1B01C08B00CA04FA /* OLConstant.m in Sources */ = {isa = PBXBuildFile; fileRef = 1CB1C46D1B01C08B00CA04FA /* OLConstant.m */; };
		1CB92C501B01FD2F000C020D /* OLChooseInterestViewCell.m in Sources */ = {isa = PBXBuildFile; fileRef = 1CB92C4F1B01FD2F000C020D /* OLChooseInterestViewCell.m */; };
		437ED8A91B01E941003612C7 /* OLSignUpViewController.m in Sources */ = {isa = PBXBuildFile; fileRef = 437ED8A81B01E941003612C7 /* OLSignUpViewController.m */; };
		6ECAD1CC3E17C206E88943B3 /* libPods.a in Frameworks */ = {isa = PBXBuildFile; fileRef = 953D8269EDE790006B12F206 /* libPods.a */; };
/* End PBXBuildFile section */

/* Begin PBXContainerItemProxy section */
		1C793E751B00A99600D78803 /* PBXContainerItemProxy */ = {
			isa = PBXContainerItemProxy;
			containerPortal = 1C793E531B00A99600D78803 /* Project object */;
			proxyType = 1;
			remoteGlobalIDString = 1C793E5A1B00A99600D78803;
			remoteInfo = Owloop;
		};
/* End PBXContainerItemProxy section */

/* Begin PBXFileReference section */
		1C3062FC1B01FCB8008283D0 /* OLChooseInterestsViewController.h */ = {isa = PBXFileReference; fileEncoding = 4; lastKnownFileType = sourcecode.c.h; path = OLChooseInterestsViewController.h; sourceTree = "<group>"; };
		1C3062FD1B01FCB8008283D0 /* OLChooseInterestsViewController.m */ = {isa = PBXFileReference; fileEncoding = 4; lastKnownFileType = sourcecode.c.objc; path = OLChooseInterestsViewController.m; sourceTree = "<group>"; };
		1C7694D61B01B7E9001B2038 /* OLBaseNavigationController.h */ = {isa = PBXFileReference; fileEncoding = 4; lastKnownFileType = sourcecode.c.h; path = OLBaseNavigationController.h; sourceTree = "<group>"; };
		1C7694D71B01B7E9001B2038 /* OLBaseNavigationController.m */ = {isa = PBXFileReference; fileEncoding = 4; lastKnownFileType = sourcecode.c.objc; path = OLBaseNavigationController.m; sourceTree = "<group>"; };
		1C7694D91B01B801001B2038 /* OLBaseViewController.h */ = {isa = PBXFileReference; fileEncoding = 4; lastKnownFileType = sourcecode.c.h; path = OLBaseViewController.h; sourceTree = "<group>"; };
		1C7694DA1B01B801001B2038 /* OLBaseViewController.m */ = {isa = PBXFileReference; fileEncoding = 4; lastKnownFileType = sourcecode.c.objc; path = OLBaseViewController.m; sourceTree = "<group>"; };
		1C7694DE1B01B95E001B2038 /* UIColor+NLKit.h */ = {isa = PBXFileReference; fileEncoding = 4; lastKnownFileType = sourcecode.c.h; path = "UIColor+NLKit.h"; sourceTree = "<group>"; };
		1C7694DF1B01B95E001B2038 /* UIColor+NLKit.m */ = {isa = PBXFileReference; fileEncoding = 4; lastKnownFileType = sourcecode.c.objc; path = "UIColor+NLKit.m"; sourceTree = "<group>"; };
		1C793E5B1B00A99600D78803 /* Owloop.app */ = {isa = PBXFileReference; explicitFileType = wrapper.application; includeInIndex = 0; path = Owloop.app; sourceTree = BUILT_PRODUCTS_DIR; };
		1C793E5F1B00A99600D78803 /* Info.plist */ = {isa = PBXFileReference; lastKnownFileType = text.plist.xml; path = Info.plist; sourceTree = "<group>"; };
		1C793E601B00A99600D78803 /* main.m */ = {isa = PBXFileReference; lastKnownFileType = sourcecode.c.objc; path = main.m; sourceTree = "<group>"; };
		1C793E621B00A99600D78803 /* AppDelegate.h */ = {isa = PBXFileReference; lastKnownFileType = sourcecode.c.h; path = AppDelegate.h; sourceTree = "<group>"; };
		1C793E631B00A99600D78803 /* AppDelegate.m */ = {isa = PBXFileReference; lastKnownFileType = sourcecode.c.objc; path = AppDelegate.m; sourceTree = "<group>"; };
		1C793E651B00A99600D78803 /* ViewController.h */ = {isa = PBXFileReference; lastKnownFileType = sourcecode.c.h; path = ViewController.h; sourceTree = "<group>"; };
		1C793E661B00A99600D78803 /* ViewController.m */ = {isa = PBXFileReference; lastKnownFileType = sourcecode.c.objc; path = ViewController.m; sourceTree = "<group>"; };
		1C793E691B00A99600D78803 /* Base */ = {isa = PBXFileReference; lastKnownFileType = file.storyboard; name = Base; path = Base.lproj/Main.storyboard; sourceTree = "<group>"; };
		1C793E6B1B00A99600D78803 /* Images.xcassets */ = {isa = PBXFileReference; lastKnownFileType = folder.assetcatalog; path = Images.xcassets; sourceTree = "<group>"; };
		1C793E6E1B00A99600D78803 /* Base */ = {isa = PBXFileReference; lastKnownFileType = file.xib; name = Base; path = Base.lproj/LaunchScreen.xib; sourceTree = "<group>"; };
		1C793E741B00A99600D78803 /* OwloopTests.xctest */ = {isa = PBXFileReference; explicitFileType = wrapper.cfbundle; includeInIndex = 0; path = OwloopTests.xctest; sourceTree = BUILT_PRODUCTS_DIR; };
		1C793E791B00A99600D78803 /* Info.plist */ = {isa = PBXFileReference; lastKnownFileType = text.plist.xml; path = Info.plist; sourceTree = "<group>"; };
		1C793E7A1B00A99600D78803 /* OwloopTests.m */ = {isa = PBXFileReference; lastKnownFileType = sourcecode.c.objc; path = OwloopTests.m; sourceTree = "<group>"; };
		1CB1C46C1B01C08B00CA04FA /* OLConstant.h */ = {isa = PBXFileReference; fileEncoding = 4; lastKnownFileType = sourcecode.c.h; path = OLConstant.h; sourceTree = "<group>"; };
		1CB1C46D1B01C08B00CA04FA /* OLConstant.m */ = {isa = PBXFileReference; fileEncoding = 4; lastKnownFileType = sourcecode.c.objc; path = OLConstant.m; sourceTree = "<group>"; };
		1CB1C46F1B01DE1B00CA04FA /* PrefixHeader.pch */ = {isa = PBXFileReference; lastKnownFileType = sourcecode.c.h; path = PrefixHeader.pch; sourceTree = "<group>"; };
		1CB92C4E1B01FD2F000C020D /* OLChooseInterestViewCell.h */ = {isa = PBXFileReference; fileEncoding = 4; lastKnownFileType = sourcecode.c.h; path = OLChooseInterestViewCell.h; sourceTree = "<group>"; };
		1CB92C4F1B01FD2F000C020D /* OLChooseInterestViewCell.m */ = {isa = PBXFileReference; fileEncoding = 4; lastKnownFileType = sourcecode.c.objc; path = OLChooseInterestViewCell.m; sourceTree = "<group>"; };
		437ED8A71B01E941003612C7 /* OLSignUpViewController.h */ = {isa = PBXFileReference; fileEncoding = 4; lastKnownFileType = sourcecode.c.h; path = OLSignUpViewController.h; sourceTree = "<group>"; };
		437ED8A81B01E941003612C7 /* OLSignUpViewController.m */ = {isa = PBXFileReference; fileEncoding = 4; lastKnownFileType = sourcecode.c.objc; path = OLSignUpViewController.m; sourceTree = "<group>"; };
		5C0A5F33D72FF1CE727AA1A2 /* Pods.release.xcconfig */ = {isa = PBXFileReference; includeInIndex = 1; lastKnownFileType = text.xcconfig; name = Pods.release.xcconfig; path = "Pods/Target Support Files/Pods/Pods.release.xcconfig"; sourceTree = "<group>"; };
		8FE9F10AB9D0906047999969 /* Pods.debug.xcconfig */ = {isa = PBXFileReference; includeInIndex = 1; lastKnownFileType = text.xcconfig; name = Pods.debug.xcconfig; path = "Pods/Target Support Files/Pods/Pods.debug.xcconfig"; sourceTree = "<group>"; };
		953D8269EDE790006B12F206 /* libPods.a */ = {isa = PBXFileReference; explicitFileType = archive.ar; includeInIndex = 0; path = libPods.a; sourceTree = BUILT_PRODUCTS_DIR; };
/* End PBXFileReference section */

/* Begin PBXFrameworksBuildPhase section */
		1C793E581B00A99600D78803 /* Frameworks */ = {
			isa = PBXFrameworksBuildPhase;
			buildActionMask = 2147483647;
			files = (
				6ECAD1CC3E17C206E88943B3 /* libPods.a in Frameworks */,
			);
			runOnlyForDeploymentPostprocessing = 0;
		};
		1C793E711B00A99600D78803 /* Frameworks */ = {
			isa = PBXFrameworksBuildPhase;
			buildActionMask = 2147483647;
			files = (
			);
			runOnlyForDeploymentPostprocessing = 0;
		};
/* End PBXFrameworksBuildPhase section */

/* Begin PBXGroup section */
		1C7694D51B01B7B5001B2038 /* Base */ = {
			isa = PBXGroup;
			children = (
				1C7694D61B01B7E9001B2038 /* OLBaseNavigationController.h */,
				1C7694D71B01B7E9001B2038 /* OLBaseNavigationController.m */,
				1C7694D91B01B801001B2038 /* OLBaseViewController.h */,
				1C7694DA1B01B801001B2038 /* OLBaseViewController.m */,
			);
			path = Base;
			sourceTree = "<group>";
		};
		1C7694DD1B01B95E001B2038 /* UIColor+NLKit */ = {
			isa = PBXGroup;
			children = (
				1C7694DE1B01B95E001B2038 /* UIColor+NLKit.h */,
				1C7694DF1B01B95E001B2038 /* UIColor+NLKit.m */,
			);
			path = "UIColor+NLKit";
			sourceTree = "<group>";
		};
		1C793E521B00A99500D78803 = {
			isa = PBXGroup;
			children = (
				1C793E5D1B00A99600D78803 /* Owloop */,
				1C793E771B00A99600D78803 /* OwloopTests */,
				1C793E5C1B00A99600D78803 /* Products */,
				C56AC7CC0A36B22B9BE250CF /* Pods */,
				3D2D58D903B9DE99FA2A9897 /* Frameworks */,
			);
			sourceTree = "<group>";
		};
		1C793E5C1B00A99600D78803 /* Products */ = {
			isa = PBXGroup;
			children = (
				1C793E5B1B00A99600D78803 /* Owloop.app */,
				1C793E741B00A99600D78803 /* OwloopTests.xctest */,
			);
			name = Products;
			sourceTree = "<group>";
		};
		1C793E5D1B00A99600D78803 /* Owloop */ = {
			isa = PBXGroup;
			children = (
				1CCC05001B019D4800A8CD4E /* Classes */,
				1CCC05011B019D4800A8CD4E /* Resources */,
				1C793E621B00A99600D78803 /* AppDelegate.h */,
				1C793E631B00A99600D78803 /* AppDelegate.m */,
				1CB1C46C1B01C08B00CA04FA /* OLConstant.h */,
				1CB1C46D1B01C08B00CA04FA /* OLConstant.m */,
				1C793E651B00A99600D78803 /* ViewController.h */,
				1C793E661B00A99600D78803 /* ViewController.m */,
				1C793E681B00A99600D78803 /* Main.storyboard */,
				1C793E6B1B00A99600D78803 /* Images.xcassets */,
				1C793E6D1B00A99600D78803 /* LaunchScreen.xib */,
				1C793E5E1B00A99600D78803 /* Supporting Files */,
			);
			path = Owloop;
			sourceTree = "<group>";
		};
		1C793E5E1B00A99600D78803 /* Supporting Files */ = {
			isa = PBXGroup;
			children = (
				1C793E5F1B00A99600D78803 /* Info.plist */,
				1C793E601B00A99600D78803 /* main.m */,
				1CB1C46F1B01DE1B00CA04FA /* PrefixHeader.pch */,
			);
			name = "Supporting Files";
			sourceTree = "<group>";
		};
		1C793E771B00A99600D78803 /* OwloopTests */ = {
			isa = PBXGroup;
			children = (
				1C793E7A1B00A99600D78803 /* OwloopTests.m */,
				1C793E781B00A99600D78803 /* Supporting Files */,
			);
			path = OwloopTests;
			sourceTree = "<group>";
		};
		1C793E781B00A99600D78803 /* Supporting Files */ = {
			isa = PBXGroup;
			children = (
				1C793E791B00A99600D78803 /* Info.plist */,
			);
			name = "Supporting Files";
			sourceTree = "<group>";
		};
		1CB92C4D1B01FD2F000C020D /* SignUp */ = {
			isa = PBXGroup;
			children = (
				1CB92C4E1B01FD2F000C020D /* OLChooseInterestViewCell.h */,
				1CB92C4F1B01FD2F000C020D /* OLChooseInterestViewCell.m */,
			);
			path = SignUp;
			sourceTree = "<group>";
		};
		1CCC05001B019D4800A8CD4E /* Classes */ = {
			isa = PBXGroup;
			children = (
				1CCC05051B019DDF00A8CD4E /* Library */,
				1CCC05021B019D9D00A8CD4E /* Controller */,
				1CCC05031B019D9D00A8CD4E /* Model */,
				1CCC05041B019D9D00A8CD4E /* View */,
			);
			path = Classes;
			sourceTree = "<group>";
		};
		1CCC05011B019D4800A8CD4E /* Resources */ = {
			isa = PBXGroup;
			children = (
			);
			path = Resources;
			sourceTree = "<group>";
		};
		1CCC05021B019D9D00A8CD4E /* Controller */ = {
			isa = PBXGroup;
			children = (
				437ED8A61B01E941003612C7 /* SignUp */,
				1C7694D51B01B7B5001B2038 /* Base */,
			);
			path = Controller;
			sourceTree = "<group>";
		};
		1CCC05031B019D9D00A8CD4E /* Model */ = {
			isa = PBXGroup;
			children = (
			);
			path = Model;
			sourceTree = "<group>";
		};
		1CCC05041B019D9D00A8CD4E /* View */ = {
			isa = PBXGroup;
			children = (
				1CB92C4D1B01FD2F000C020D /* SignUp */,
			);
			path = View;
			sourceTree = "<group>";
		};
		1CCC05051B019DDF00A8CD4E /* Library */ = {
			isa = PBXGroup;
			children = (
				1C7694DD1B01B95E001B2038 /* UIColor+NLKit */,
			);
			path = Library;
			sourceTree = "<group>";
		};
		3D2D58D903B9DE99FA2A9897 /* Frameworks */ = {
			isa = PBXGroup;
			children = (
				953D8269EDE790006B12F206 /* libPods.a */,
			);
			name = Frameworks;
			sourceTree = "<group>";
		};
		437ED8A61B01E941003612C7 /* SignUp */ = {
			isa = PBXGroup;
			children = (
				1C3062FC1B01FCB8008283D0 /* OLChooseInterestsViewController.h */,
				1C3062FD1B01FCB8008283D0 /* OLChooseInterestsViewController.m */,
				437ED8A71B01E941003612C7 /* OLSignUpViewController.h */,
				437ED8A81B01E941003612C7 /* OLSignUpViewController.m */,
			);
			path = SignUp;
			sourceTree = "<group>";
		};
		C56AC7CC0A36B22B9BE250CF /* Pods */ = {
			isa = PBXGroup;
			children = (
				8FE9F10AB9D0906047999969 /* Pods.debug.xcconfig */,
				5C0A5F33D72FF1CE727AA1A2 /* Pods.release.xcconfig */,
			);
			name = Pods;
			sourceTree = "<group>";
		};
/* End PBXGroup section */

/* Begin PBXNativeTarget section */
		1C793E5A1B00A99600D78803 /* Owloop */ = {
			isa = PBXNativeTarget;
			buildConfigurationList = 1C793E7E1B00A99600D78803 /* Build configuration list for PBXNativeTarget "Owloop" */;
			buildPhases = (
				B4CEF88B37F79C9BAAC0AEA8 /* Check Pods Manifest.lock */,
				1C793E571B00A99600D78803 /* Sources */,
				1C793E581B00A99600D78803 /* Frameworks */,
				1C793E591B00A99600D78803 /* Resources */,
				FF6D1BA374F6FFE13B24D609 /* Copy Pods Resources */,
			);
			buildRules = (
			);
			dependencies = (
			);
			name = Owloop;
			productName = Owloop;
			productReference = 1C793E5B1B00A99600D78803 /* Owloop.app */;
			productType = "com.apple.product-type.application";
		};
		1C793E731B00A99600D78803 /* OwloopTests */ = {
			isa = PBXNativeTarget;
			buildConfigurationList = 1C793E811B00A99600D78803 /* Build configuration list for PBXNativeTarget "OwloopTests" */;
			buildPhases = (
				1C793E701B00A99600D78803 /* Sources */,
				1C793E711B00A99600D78803 /* Frameworks */,
				1C793E721B00A99600D78803 /* Resources */,
			);
			buildRules = (
			);
			dependencies = (
				1C793E761B00A99600D78803 /* PBXTargetDependency */,
			);
			name = OwloopTests;
			productName = OwloopTests;
			productReference = 1C793E741B00A99600D78803 /* OwloopTests.xctest */;
			productType = "com.apple.product-type.bundle.unit-test";
		};
/* End PBXNativeTarget section */

/* Begin PBXProject section */
		1C793E531B00A99600D78803 /* Project object */ = {
			isa = PBXProject;
			attributes = {
				CLASSPREFIX = OL;
				LastUpgradeCheck = 0630;
				ORGANIZATIONNAME = OL;
				TargetAttributes = {
					1C793E5A1B00A99600D78803 = {
						CreatedOnToolsVersion = 6.3;
					};
					1C793E731B00A99600D78803 = {
						CreatedOnToolsVersion = 6.3;
						TestTargetID = 1C793E5A1B00A99600D78803;
					};
				};
			};
			buildConfigurationList = 1C793E561B00A99600D78803 /* Build configuration list for PBXProject "Owloop" */;
			compatibilityVersion = "Xcode 3.2";
			developmentRegion = English;
			hasScannedForEncodings = 0;
			knownRegions = (
				en,
				Base,
			);
			mainGroup = 1C793E521B00A99500D78803;
			productRefGroup = 1C793E5C1B00A99600D78803 /* Products */;
			projectDirPath = "";
			projectRoot = "";
			targets = (
				1C793E5A1B00A99600D78803 /* Owloop */,
				1C793E731B00A99600D78803 /* OwloopTests */,
			);
		};
/* End PBXProject section */

/* Begin PBXResourcesBuildPhase section */
		1C793E591B00A99600D78803 /* Resources */ = {
			isa = PBXResourcesBuildPhase;
			buildActionMask = 2147483647;
			files = (
				1C793E6A1B00A99600D78803 /* Main.storyboard in Resources */,
				1C793E6F1B00A99600D78803 /* LaunchScreen.xib in Resources */,
				1C793E6C1B00A99600D78803 /* Images.xcassets in Resources */,
			);
			runOnlyForDeploymentPostprocessing = 0;
		};
		1C793E721B00A99600D78803 /* Resources */ = {
			isa = PBXResourcesBuildPhase;
			buildActionMask = 2147483647;
			files = (
			);
			runOnlyForDeploymentPostprocessing = 0;
		};
/* End PBXResourcesBuildPhase section */

/* Begin PBXShellScriptBuildPhase section */
		B4CEF88B37F79C9BAAC0AEA8 /* Check Pods Manifest.lock */ = {
			isa = PBXShellScriptBuildPhase;
			buildActionMask = 2147483647;
			files = (
			);
			inputPaths = (
			);
			name = "Check Pods Manifest.lock";
			outputPaths = (
			);
			runOnlyForDeploymentPostprocessing = 0;
			shellPath = /bin/sh;
			shellScript = "diff \"${PODS_ROOT}/../Podfile.lock\" \"${PODS_ROOT}/Manifest.lock\" > /dev/null\nif [[ $? != 0 ]] ; then\n    cat << EOM\nerror: The sandbox is not in sync with the Podfile.lock. Run 'pod install' or update your CocoaPods installation.\nEOM\n    exit 1\nfi\n";
			showEnvVarsInLog = 0;
		};
		FF6D1BA374F6FFE13B24D609 /* Copy Pods Resources */ = {
			isa = PBXShellScriptBuildPhase;
			buildActionMask = 2147483647;
			files = (
			);
			inputPaths = (
			);
			name = "Copy Pods Resources";
			outputPaths = (
			);
			runOnlyForDeploymentPostprocessing = 0;
			shellPath = /bin/sh;
			shellScript = "\"${SRCROOT}/Pods/Target Support Files/Pods/Pods-resources.sh\"\n";
			showEnvVarsInLog = 0;
		};
/* End PBXShellScriptBuildPhase section */

/* Begin PBXSourcesBuildPhase section */
		1C793E571B00A99600D78803 /* Sources */ = {
			isa = PBXSourcesBuildPhase;
			buildActionMask = 2147483647;
			files = (
				1CB92C501B01FD2F000C020D /* OLChooseInterestViewCell.m in Sources */,
				1CB1C46E1B01C08B00CA04FA /* OLConstant.m in Sources */,
				1C793E671B00A99600D78803 /* ViewController.m in Sources */,
				1C7694D81B01B7E9001B2038 /* OLBaseNavigationController.m in Sources */,
				437ED8A91B01E941003612C7 /* OLSignUpViewController.m in Sources */,
				1C7694E01B01B95E001B2038 /* UIColor+NLKit.m in Sources */,
				1C3062FE1B01FCB8008283D0 /* OLChooseInterestsViewController.m in Sources */,
				1C793E641B00A99600D78803 /* AppDelegate.m in Sources */,
				1C793E611B00A99600D78803 /* main.m in Sources */,
				1C7694DB1B01B801001B2038 /* OLBaseViewController.m in Sources */,
			);
			runOnlyForDeploymentPostprocessing = 0;
		};
		1C793E701B00A99600D78803 /* Sources */ = {
			isa = PBXSourcesBuildPhase;
			buildActionMask = 2147483647;
			files = (
				1C793E7B1B00A99600D78803 /* OwloopTests.m in Sources */,
			);
			runOnlyForDeploymentPostprocessing = 0;
		};
/* End PBXSourcesBuildPhase section */

/* Begin PBXTargetDependency section */
		1C793E761B00A99600D78803 /* PBXTargetDependency */ = {
			isa = PBXTargetDependency;
			target = 1C793E5A1B00A99600D78803 /* Owloop */;
			targetProxy = 1C793E751B00A99600D78803 /* PBXContainerItemProxy */;
		};
/* End PBXTargetDependency section */

/* Begin PBXVariantGroup section */
		1C793E681B00A99600D78803 /* Main.storyboard */ = {
			isa = PBXVariantGroup;
			children = (
				1C793E691B00A99600D78803 /* Base */,
			);
			name = Main.storyboard;
			sourceTree = "<group>";
		};
		1C793E6D1B00A99600D78803 /* LaunchScreen.xib */ = {
			isa = PBXVariantGroup;
			children = (
				1C793E6E1B00A99600D78803 /* Base */,
			);
			name = LaunchScreen.xib;
			sourceTree = "<group>";
		};
/* End PBXVariantGroup section */

/* Begin XCBuildConfiguration section */
		1C793E7C1B00A99600D78803 /* Debug */ = {
			isa = XCBuildConfiguration;
			buildSettings = {
				ALWAYS_SEARCH_USER_PATHS = NO;
				CLANG_CXX_LANGUAGE_STANDARD = "gnu++0x";
				CLANG_CXX_LIBRARY = "libc++";
				CLANG_ENABLE_MODULES = YES;
				CLANG_ENABLE_OBJC_ARC = YES;
				CLANG_WARN_BOOL_CONVERSION = YES;
				CLANG_WARN_CONSTANT_CONVERSION = YES;
				CLANG_WARN_DIRECT_OBJC_ISA_USAGE = YES_ERROR;
				CLANG_WARN_EMPTY_BODY = YES;
				CLANG_WARN_ENUM_CONVERSION = YES;
				CLANG_WARN_INT_CONVERSION = YES;
				CLANG_WARN_OBJC_ROOT_CLASS = YES_ERROR;
				CLANG_WARN_UNREACHABLE_CODE = YES;
				CLANG_WARN__DUPLICATE_METHOD_MATCH = YES;
				"CODE_SIGN_IDENTITY[sdk=iphoneos*]" = "iPhone Developer";
				COPY_PHASE_STRIP = NO;
				DEBUG_INFORMATION_FORMAT = "dwarf-with-dsym";
				ENABLE_STRICT_OBJC_MSGSEND = YES;
				GCC_C_LANGUAGE_STANDARD = gnu99;
				GCC_DYNAMIC_NO_PIC = NO;
				GCC_NO_COMMON_BLOCKS = YES;
				GCC_OPTIMIZATION_LEVEL = 0;
				GCC_PREFIX_HEADER = Owloop/PrefixHeader.pch;
				GCC_PREPROCESSOR_DEFINITIONS = (
					"DEBUG=1",
					"$(inherited)",
				);
				GCC_SYMBOLS_PRIVATE_EXTERN = NO;
				GCC_WARN_64_TO_32_BIT_CONVERSION = YES;
				GCC_WARN_ABOUT_RETURN_TYPE = YES_ERROR;
				GCC_WARN_UNDECLARED_SELECTOR = YES;
				GCC_WARN_UNINITIALIZED_AUTOS = YES_AGGRESSIVE;
				GCC_WARN_UNUSED_FUNCTION = YES;
				GCC_WARN_UNUSED_VARIABLE = YES;
				IPHONEOS_DEPLOYMENT_TARGET = 7.0;
				MTL_ENABLE_DEBUG_INFO = YES;
				ONLY_ACTIVE_ARCH = YES;
				SDKROOT = iphoneos;
			};
			name = Debug;
		};
		1C793E7D1B00A99600D78803 /* Release */ = {
			isa = XCBuildConfiguration;
			buildSettings = {
				ALWAYS_SEARCH_USER_PATHS = NO;
				CLANG_CXX_LANGUAGE_STANDARD = "gnu++0x";
				CLANG_CXX_LIBRARY = "libc++";
				CLANG_ENABLE_MODULES = YES;
				CLANG_ENABLE_OBJC_ARC = YES;
				CLANG_WARN_BOOL_CONVERSION = YES;
				CLANG_WARN_CONSTANT_CONVERSION = YES;
				CLANG_WARN_DIRECT_OBJC_ISA_USAGE = YES_ERROR;
				CLANG_WARN_EMPTY_BODY = YES;
				CLANG_WARN_ENUM_CONVERSION = YES;
				CLANG_WARN_INT_CONVERSION = YES;
				CLANG_WARN_OBJC_ROOT_CLASS = YES_ERROR;
				CLANG_WARN_UNREACHABLE_CODE = YES;
				CLANG_WARN__DUPLICATE_METHOD_MATCH = YES;
				"CODE_SIGN_IDENTITY[sdk=iphoneos*]" = "iPhone Developer";
				COPY_PHASE_STRIP = NO;
				DEBUG_INFORMATION_FORMAT = "dwarf-with-dsym";
				ENABLE_NS_ASSERTIONS = NO;
				ENABLE_STRICT_OBJC_MSGSEND = YES;
				GCC_C_LANGUAGE_STANDARD = gnu99;
				GCC_NO_COMMON_BLOCKS = YES;
				GCC_PREFIX_HEADER = Owloop/PrefixHeader.pch;
				GCC_WARN_64_TO_32_BIT_CONVERSION = YES;
				GCC_WARN_ABOUT_RETURN_TYPE = YES_ERROR;
				GCC_WARN_UNDECLARED_SELECTOR = YES;
				GCC_WARN_UNINITIALIZED_AUTOS = YES_AGGRESSIVE;
				GCC_WARN_UNUSED_FUNCTION = YES;
				GCC_WARN_UNUSED_VARIABLE = YES;
				IPHONEOS_DEPLOYMENT_TARGET = 7.0;
				MTL_ENABLE_DEBUG_INFO = NO;
				SDKROOT = iphoneos;
				VALIDATE_PRODUCT = YES;
			};
			name = Release;
		};
		1C793E7F1B00A99600D78803 /* Debug */ = {
			isa = XCBuildConfiguration;
			baseConfigurationReference = 8FE9F10AB9D0906047999969 /* Pods.debug.xcconfig */;
			buildSettings = {
				ASSETCATALOG_COMPILER_APPICON_NAME = AppIcon;
				INFOPLIST_FILE = Owloop/Info.plist;
				LD_RUNPATH_SEARCH_PATHS = "$(inherited) @executable_path/Frameworks";
				PRODUCT_NAME = "$(TARGET_NAME)";
			};
			name = Debug;
		};
		1C793E801B00A99600D78803 /* Release */ = {
			isa = XCBuildConfiguration;
			baseConfigurationReference = 5C0A5F33D72FF1CE727AA1A2 /* Pods.release.xcconfig */;
			buildSettings = {
				ASSETCATALOG_COMPILER_APPICON_NAME = AppIcon;
				INFOPLIST_FILE = Owloop/Info.plist;
				LD_RUNPATH_SEARCH_PATHS = "$(inherited) @executable_path/Frameworks";
				PRODUCT_NAME = "$(TARGET_NAME)";
			};
			name = Release;
		};
		1C793E821B00A99600D78803 /* Debug */ = {
			isa = XCBuildConfiguration;
			buildSettings = {
				BUNDLE_LOADER = "$(TEST_HOST)";
				FRAMEWORK_SEARCH_PATHS = (
					"$(SDKROOT)/Developer/Library/Frameworks",
					"$(inherited)",
				);
				GCC_PREPROCESSOR_DEFINITIONS = (
					"DEBUG=1",
					"$(inherited)",
				);
				INFOPLIST_FILE = OwloopTests/Info.plist;
				LD_RUNPATH_SEARCH_PATHS = "$(inherited) @executable_path/Frameworks @loader_path/Frameworks";
				PRODUCT_NAME = "$(TARGET_NAME)";
				TEST_HOST = "$(BUILT_PRODUCTS_DIR)/Owloop.app/Owloop";
			};
			name = Debug;
		};
		1C793E831B00A99600D78803 /* Release */ = {
			isa = XCBuildConfiguration;
			buildSettings = {
				BUNDLE_LOADER = "$(TEST_HOST)";
				FRAMEWORK_SEARCH_PATHS = (
					"$(SDKROOT)/Developer/Library/Frameworks",
					"$(inherited)",
				);
				INFOPLIST_FILE = OwloopTests/Info.plist;
				LD_RUNPATH_SEARCH_PATHS = "$(inherited) @executable_path/Frameworks @loader_path/Frameworks";
				PRODUCT_NAME = "$(TARGET_NAME)";
				TEST_HOST = "$(BUILT_PRODUCTS_DIR)/Owloop.app/Owloop";
			};
			name = Release;
		};
/* End XCBuildConfiguration section */

/* Begin XCConfigurationList section */
		1C793E561B00A99600D78803 /* Build configuration list for PBXProject "Owloop" */ = {
			isa = XCConfigurationList;
			buildConfigurations = (
				1C793E7C1B00A99600D78803 /* Debug */,
				1C793E7D1B00A99600D78803 /* Release */,
			);
			defaultConfigurationIsVisible = 0;
			defaultConfigurationName = Release;
		};
		1C793E7E1B00A99600D78803 /* Build configuration list for PBXNativeTarget "Owloop" */ = {
			isa = XCConfigurationList;
			buildConfigurations = (
				1C793E7F1B00A99600D78803 /* Debug */,
				1C793E801B00A99600D78803 /* Release */,
			);
			defaultConfigurationIsVisible = 0;
			defaultConfigurationName = Release;
		};
		1C793E811B00A99600D78803 /* Build configuration list for PBXNativeTarget "OwloopTests" */ = {
			isa = XCConfigurationList;
			buildConfigurations = (
				1C793E821B00A99600D78803 /* Debug */,
				1C793E831B00A99600D78803 /* Release */,
			);
			defaultConfigurationIsVisible = 0;
			defaultConfigurationName = Release;
		};
/* End XCConfigurationList section */
	};
	rootObject = 1C793E531B00A99600D78803 /* Project object */;
}
